# THIS IS AN AUTOGENERATED FILE. DO NOT EDIT THIS FILE DIRECTLY.
# yarn lockfile v1


"@autoit-gui-skeleton/ags-component-check-for-updates@^1.0.0":
  version "1.0.0"
  resolved "https://registry.yarnpkg.com/@autoit-gui-skeleton/ags-component-check-for-updates/-/ags-component-check-for-updates-1.0.0.tgz#bfd272c78ae4e731e9a4c4138bed8b9c3ed8ba0b"
  dependencies:
    "@autoit-gui-skeleton/ags-component-http-request" "^1.0.0"
    "@autoit-gui-skeleton/ags-wrapper-json" "^1.0.1"

"@autoit-gui-skeleton/ags-component-http-request@^1.0.0":
  version "1.0.2"
  resolved "https://registry.yarnpkg.com/@autoit-gui-skeleton/ags-component-http-request/-/ags-component-http-request-1.0.2.tgz#7e390f1189d0ee8fe8bcfd87b1379f4d6db8b049"

"@autoit-gui-skeleton/ags-wrapper-json@^1.0.1":
  version "1.0.1"
  resolved "https://registry.yarnpkg.com/@autoit-gui-skeleton/ags-wrapper-json/-/ags-wrapper-json-1.0.1.tgz#e76b545f219a6e25d3efc037b51bbfc340c1734c"
